{
  "name": "miniprogram",
  "version": "1.0.0",
  "lockfileVersion": 3,
  "requires": true,
  "packages": {
    "": {
      "name": "miniprogram",
      "version": "1.0.0",
      "license": "ISC",
      "dependencies": {
        "@vant/area-data": "^1.5.0",
        "@vant/weapp": "^1.10.4"
      }
    },
    "node_modules/@vant/area-data": {
      "version": "1.5.0",
      "resolved": "https://registry.npmjs.org/@vant/area-data/-/area-data-1.5.0.tgz",
      "integrity": "sha512-SWmDhYmWiOgtAgtJqcW7N4XyGgrg/7l6t1+XSgt8BkPp2oOKO1ZUn8+46brLpT/gzRe/v8BtyTLmdBwMamrmQw=="
    },
    "node_modules/@vant/weapp": {
      "version": "1.10.4",
      "resolved": "https://registry.npmjs.org/@vant/weapp/-/weapp-1.10.4.tgz",
      "integrity": "sha512-S0T6myy4Ve4ZClRujJKP1Eu5hP5GFkVeQH587uakhacrQ+9Fp23gfnmo+dKMf7FbjTRqQu+ehxcr0Ba75iV8HA=="
    }
  }
}
